// !$*UTF8*$!
{
	archiveVersion = 1;
	classes = {
	};
	objectVersion = 77;
	objects = {

/* Begin PBXBuildFile section */
		D4DB98C52FAAFDA1000578F8 /* Supabase in Frameworks */ = {isa = PBXBuildFile; productRef = D4DB98C42FAAFDA1000578F8 /* Supabase */; };
/* End PBXBuildFile section */

/* Begin PBXContainerItemProxy section */
		D4BDC0962F7F971B00FE69B7 /* PBXContainerItemProxy */ = {
			isa = PBXContainerItemProxy;
			containerPortal = D4BDC0802F7F971900FE69B7 /* Project object */;
			proxyType = 1;
			remoteGlobalIDString = D4BDC0872F7F971900FE69B7;
			remoteInfo = Parlance;
		};
		D4BDC0A02F7F971B00FE69B7 /* PBXContainerItemProxy */ = {
			isa = PBXContainerItemProxy;
			containerPortal = D4BDC0802F7F971900FE69B7 /* Project object */;
			proxyType = 1;
			remoteGlobalIDString = D4BDC0872F7F971900FE69B7;
			remoteInfo = Parlance;
		};
/* End PBXContainerItemProxy section */

/* Begin PBXFileReference section */
		D4705CD82FA9219D0037F17E /* Parlance.xcodeproj */ = {isa = PBXFileReference; lastKnownFileType = "wrapper.pb-project"; path = Parlance.xcodeproj; sourceTree = "<group>"; };
		D4705FF32FA99E9B0037F17E /* Parlance.xcodeproj */ = {isa = PBXFileReference; lastKnownFileType = "wrapper.pb-project"; path = Parlance.xcodeproj; sourceTree = "<group>"; };
		D47063482FA9C65C0037F17E /* Parlance.xcodeproj */ = {isa = PBXFileReference; lastKnownFileType = "wrapper.pb-project"; path = Parlance.xcodeproj; sourceTree = "<group>"; };
		D4BDC0882F7F971900FE69B7 /* Parlance.app */ = {isa = PBXFileReference; explicitFileType = wrapper.application; includeInIndex = 0; path = Parlance.app; sourceTree = BUILT_PRODUCTS_DIR; };
		D4BDC0952F7F971B00FE69B7 /* ParlanceTests.xctest */ = {isa = PBXFileReference; explicitFileType = wrapper.cfbundle; includeInIndex = 0; path = ParlanceTests.xctest; sourceTree = BUILT_PRODUCTS_DIR; };
		D4BDC09F2F7F971B00FE69B7 /* ParlanceUITests.xctest */ = {isa = PBXFileReference; explicitFileType = wrapper.cfbundle; includeInIndex = 0; path = ParlanceUITests.xctest; sourceTree = BUILT_PRODUCTS_DIR; };
		D4DB95AE2FAA5FFC000578F8 /* Parlance.xcodeproj */ = {isa = PBXFileReference; lastKnownFileType = "wrapper.pb-project"; path = Parlance.xcodeproj; sourceTree = "<group>"; };
/* End PBXFileReference section */

/* Begin PBXFileSystemSynchronizedRootGroup section */
		D4BDC08A2F7F971900FE69B7 /* . */ = {
			isa = PBXFileSystemSynchronizedRootGroup;
			path = .;
			sourceTree = SOURCE_ROOT;
		};
		D4BDC0982F7F971B00FE69B7 /* ../ParlanceTests */ = {
			isa = PBXFileSystemSynchronizedRootGroup;
			path = ../ParlanceTests;
			sourceTree = SOURCE_ROOT;
		};
		D4BDC0A22F7F971B00FE69B7 /* ../ParlanceUITests */ = {
			isa = PBXFileSystemSynchronizedRootGroup;
			path = ../ParlanceUITests;
			sourceTree = SOURCE_ROOT;
		};
		D4BDC0E32F7FA4C900FE69B7 /* _docs */ = {
			isa = PBXFileSystemSynchronizedRootGroup;
			path = _docs;
			sourceTree = "<group>";
		};
/* End PBXFileSystemSynchronizedRootGroup section */

/* Begin PBXFrameworksBuildPhase section */
		D4BDC0852F7F971900FE69B7 /* Frameworks */ = {
			isa = PBXFrameworksBuildPhase;
			buildActionMask = 2147483647;
			files = (
				D4DB98C52FAAFDA1000578F8 /* Supabase in Frameworks */,
			);
			runOnlyForDeploymentPostprocessing = 0;
		};
		D4BDC0922F7F971B00FE69B7 /* Frameworks */ = {
			isa = PBXFrameworksBuildPhase;
			buildActionMask = 2147483647;
			files = (
			);
			runOnlyForDeploymentPostprocessing = 0;
		};
		D4BDC09C2F7F971B00FE69B7 /* Frameworks */ = {
			isa = PBXFrameworksBuildPhase;
			buildActionMask = 2147483647;
			files = (
			);
			runOnlyForDeploymentPostprocessing = 0;
		};
/* End PBXFrameworksBuildPhase section */

/* Begin PBXGroup section */
		D4705CDA2FA9219D0037F17E /* Products */ = {
			isa = PBXGroup;
			name = Products;
			sourceTree = "<group>";
		};
		D4705FF52FA99E9B0037F17E /* Products */ = {
			isa = PBXGroup;
			name = Products;
			sourceTree = "<group>";
		};
		D470634A2FA9C65C0037F17E /* Products */ = {
			isa = PBXGroup;
			name = Products;
			sourceTree = "<group>";
		};
		D4BDC07F2F7F971900FE69B7 = {
			isa = PBXGroup;
			children = (
				D4BDC0E32F7FA4C900FE69B7 /* _docs */,
				D4BDC08A2F7F971900FE69B7 /* . */,
				D4BDC0982F7F971B00FE69B7 /* ../ParlanceTests */,
				D4BDC0A22F7F971B00FE69B7 /* ../ParlanceUITests */,
				D4BDC0892F7F971900FE69B7 /* Products */,
			);
			sourceTree = "<group>";
		};
		D4BDC0892F7F971900FE69B7 /* Products */ = {
			isa = PBXGroup;
			children = (
				D4BDC0882F7F971900FE69B7 /* Parlance.app */,
				D4BDC0952F7F971B00FE69B7 /* ParlanceTests.xctest */,
				D4BDC09F2F7F971B00FE69B7 /* ParlanceUITests.xctest */,
			);
			name = Products;
			sourceTree = "<group>";
		};
		D4DB95B02FAA5FFC000578F8 /* Products */ = {
			isa = PBXGroup;
			name = Products;
			sourceTree = "<group>";
		};
/* End PBXGroup section */

/* Begin PBXNativeTarget section */
		D4BDC0872F7F971900FE69B7 /* Parlance */ = {
			isa = PBXNativeTarget;
			buildConfigurationList = D4BDC0A92F7F971B00FE69B7 /* Build configuration list for PBXNativeTarget "Parlance" */;
			buildPhases = (
				D4BDC0842F7F971900FE69B7 /* Sources */,
				D4BDC0852F7F971900FE69B7 /* Frameworks */,
				D4BDC0862F7F971900FE69B7 /* Resources */,
			);
			buildRules = (
			);
			dependencies = (
			);
			fileSystemSynchronizedGroups = (
				D4BDC08A2F7F971900FE69B7 /* . */,
				D4BDC0E32F7FA4C900FE69B7 /* _docs */,
			);
			name = Parlance;
			packageProductDependencies = (
				D4DB98C42FAAFDA1000578F8 /* Supabase */,
			);
			productName = Parlance;
			productReference = D4BDC0882F7F971900FE69B7 /* Parlance.app */;
			productType = "com.apple.product-type.application";
		};
		D4BDC0942F7F971B00FE69B7 /* ParlanceTests */ = {
			isa = PBXNativeTarget;
			buildConfigurationList = D4BDC0AC2F7F971B00FE69B7 /* Build configuration list for PBXNativeTarget "ParlanceTests" */;
			buildPhases = (
				D4BDC0912F7F971B00FE69B7 /* Sources */,
				D4BDC0922F7F971B00FE69B7 /* Frameworks */,
				D4BDC0932F7F971B00FE69B7 /* Resources */,
			);
			buildRules = (
			);
			dependencies = (
				D4BDC0972F7F971B00FE69B7 /* PBXTargetDependency */,
			);
			fileSystemSynchronizedGroups = (
				D4BDC0982F7F971B00FE69B7 /* ../ParlanceTests */,
			);
			name = ParlanceTests;
			packageProductDependencies = (
			);
			productName = ParlanceTests;
			productReference = D4BDC0952F7F971B00FE69B7 /* ParlanceTests.xctest */;
			productType = "com.apple.product-type.bundle.unit-test";
		};
		D4BDC09E2F7F971B00FE69B7 /* ParlanceUITests */ = {
			isa = PBXNativeTarget;
			buildConfigurationList = D4BDC0AF2F7F971B00FE69B7 /* Build configuration list for PBXNativeTarget "ParlanceUITests" */;
			buildPhases = (
				D4BDC09B2F7F971B00FE69B7 /* Sources */,
				D4BDC09C2F7F971B00FE69B7 /* Frameworks */,
				D4BDC09D2F7F971B00FE69B7 /* Resources */,
			);
			buildRules = (
			);
			dependencies = (
				D4BDC0A12F7F971B00FE69B7 /* PBXTargetDependency */,
			);
			fileSystemSynchronizedGroups = (
				D4BDC0A22F7F971B00FE69B7 /* ../ParlanceUITests */,
			);
			name = ParlanceUITests;
			packageProductDependencies = (
			);
			productName = ParlanceUITests;
			productReference = D4BDC09F2F7F971B00FE69B7 /* ParlanceUITests.xctest */;
			productType = "com.apple.product-type.bundle.ui-testing";
		};
/* End PBXNativeTarget section */

/* Begin PBXProject section */
		D4BDC0802F7F971900FE69B7 /* Project object */ = {
			isa = PBXProject;
			attributes = {
				BuildIndependentTargetsInParallel = 1;
				LastSwiftUpdateCheck = 2640;
				LastUpgradeCheck = 2640;
				TargetAttributes = {
					D4BDC0872F7F971900FE69B7 = {
						CreatedOnToolsVersion = 26.4;
					};
					D4BDC0942F7F971B00FE69B7 = {
						CreatedOnToolsVersion = 26.4;
						TestTargetID = D4BDC0872F7F971900FE69B7;
					};
					D4BDC09E2F7F971B00FE69B7 = {
						CreatedOnToolsVersion = 26.4;
						TestTargetID = D4BDC0872F7F971900FE69B7;
					};
				};
			};
			buildConfigurationList = D4BDC0832F7F971900FE69B7 /* Build configuration list for PBXProject "Parlance" */;
			developmentRegion = en;
			hasScannedForEncodings = 0;
			knownRegions = (
				en,
				Base,
			);
			mainGroup = D4BDC07F2F7F971900FE69B7;
			minimizedProjectReferenceProxies = 1;
			packageReferences = (
				D4DB98C32FAAFDA1000578F8 /* XCRemoteSwiftPackageReference "supabase-swift" */,
			);
			preferredProjectObjectVersion = 77;
			productRefGroup = D4BDC0892F7F971900FE69B7 /* Products */;
			projectDirPath = "";
			projectReferences = (
				{
					ProductGroup = D4705CDA2FA9219D0037F17E /* Products */;
					ProjectRef = D4705CD82FA9219D0037F17E /* Parlance.xcodeproj */;
				},
				{
					ProductGroup = D4705FF52FA99E9B0037F17E /* Products */;
					ProjectRef = D4705FF32FA99E9B0037F17E /* Parlance.xcodeproj */;
				},
				{
					ProductGroup = D470634A2FA9C65C0037F17E /* Products */;
					ProjectRef = D47063482FA9C65C0037F17E /* Parlance.xcodeproj */;
				},
				{
					ProductGroup = D4DB95B02FAA5FFC000578F8 /* Products */;
					ProjectRef = D4DB95AE2FAA5FFC000578F8 /* Parlance.xcodeproj */;
				},
			);
			projectRoot = "";
			targets = (
				D4BDC0872F7F971900FE69B7 /* Parlance */,
				D4BDC0942F7F971B00FE69B7 /* ParlanceTests */,
				D4BDC09E2F7F971B00FE69B7 /* ParlanceUITests */,
			);
		};
/* End PBXProject section */

/* Begin PBXResourcesBuildPhase section */
		D4BDC0862F7F971900FE69B7 /* Resources */ = {
			isa = PBXResourcesBuildPhase;
			buildActionMask = 2147483647;
			files = (
			);
			runOnlyForDeploymentPostprocessing = 0;
		};
		D4BDC0932F7F971B00FE69B7 /* Resources */ = {
			isa = PBXResourcesBuildPhase;
			buildActionMask = 2147483647;
			files = (
			);
			runOnlyForDeploymentPostprocessing = 0;
		};
		D4BDC09D2F7F971B00FE69B7 /* Resources */ = {
			isa = PBXResourcesBuildPhase;
			buildActionMask = 2147483647;
			files = (
			);
			runOnlyForDeploymentPostprocessing = 0;
		};
/* End PBXResourcesBuildPhase section */

/* Begin PBXSourcesBuildPhase section */
		D4BDC0842F7F971900FE69B7 /* Sources */ = {
			isa = PBXSourcesBuildPhase;
			buildActionMask = 2147483647;
			files = (
			);
			runOnlyForDeploymentPostprocessing = 0;
		};
		D4BDC0912F7F971B00FE69B7 /* Sources */ = {
			isa = PBXSourcesBuildPhase;
			buildActionMask = 2147483647;
			files = (
			);
			runOnlyForDeploymentPostprocessing = 0;
		};
		D4BDC09B2F7F971B00FE69B7 /* Sources */ = {
			isa = PBXSourcesBuildPhase;
			buildActionMask = 2147483647;
			files = (
			);
			runOnlyForDeploymentPostprocessing = 0;
		};
/* End PBXSourcesBuildPhase section */

/* Begin PBXTargetDependency section */
		D4BDC0972F7F971B00FE69B7 /* PBXTargetDependency */ = {
			isa = PBXTargetDependency;
			target = D4BDC0872F7F971900FE69B7 /* Parlance */;
			targetProxy = D4BDC0962F7F971B00FE69B7 /* PBXContainerItemProxy */;
		};
		D4BDC0A12F7F971B00FE69B7 /* PBXTargetDependency */ = {
			isa = PBXTargetDependency;
			target = D4BDC0872F7F971900FE69B7 /* Parlance */;
			targetProxy = D4BDC0A02F7F971B00FE69B7 /* PBXContainerItemProxy */;
		};
/* End PBXTargetDependency section */

/* Begin XCBuildConfiguration section */
		D4BDC0A72F7F971B00FE69B7 /* Debug */ = {
			isa = XCBuildConfiguration;
			buildSettings = {
				ALWAYS_SEARCH_USER_PATHS = NO;
				ASSETCATALOG_COMPILER_GENERATE_SWIFT_ASSET_SYMBOL_EXTENSIONS = YES;
				CLANG_ANALYZER_NONNULL = YES;
				CLANG_ANALYZER_NUMBER_OBJECT_CONVERSION = YES_AGGRESSIVE;
				CLANG_CXX_LANGUAGE_STANDARD = "gnu++20";
				CLANG_ENABLE_MODULES = YES;
				CLANG_ENABLE_OBJC_ARC = YES;
				CLANG_ENABLE_OBJC_WEAK = YES;
				CLANG_WARN_BLOCK_CAPTURE_AUTORELEASING = YES;
				CLANG_WARN_BOOL_CONVERSION = YES;
				CLANG_WARN_COMMA = YES;
				CLANG_WARN_CONSTANT_CONVERSION = YES;
				CLANG_WARN_DEPRECATED_OBJC_IMPLEMENTATIONS = YES;
				CLANG_WARN_DIRECT_OBJC_ISA_USAGE = YES_ERROR;
				CLANG_WARN_DOCUMENTATION_COMMENTS = YES;
				CLANG_WARN_EMPTY_BODY = YES;
				CLANG_WARN_ENUM_CONVERSION = YES;
				CLANG_WARN_INFINITE_RECURSION = YES;
				CLANG_WARN_INT_CONVERSION = YES;
				CLANG_WARN_NON_LITERAL_NULL_CONVERSION = YES;
				CLANG_WARN_OBJC_IMPLICIT_RETAIN_SELF = YES;
				CLANG_WARN_OBJC_LITERAL_CONVERSION = YES;
				CLANG_WARN_OBJC_ROOT_CLASS = YES_ERROR;
				CLANG_WARN_QUOTED_INCLUDE_IN_FRAMEWORK_HEADER = YES;
				CLANG_WARN_RANGE_LOOP_ANALYSIS = YES;
				CLANG_WARN_STRICT_PROTOTYPES = YES;
				CLANG_WARN_SUSPICIOUS_MOVE = YES;
				CLANG_WARN_UNGUARDED_AVAILABILITY = YES_AGGRESSIVE;
				CLANG_WARN_UNREACHABLE_CODE = YES;
				CLANG_WARN__DUPLICATE_METHOD_MATCH = YES;
				COPY_PHASE_STRIP = NO;
				DEBUG_INFORMATION_FORMAT = dwarf;
				DEVELOPMENT_TEAM = 497VU99KK9;
				ENABLE_STRICT_OBJC_MSGSEND = YES;
				ENABLE_TESTABILITY = YES;
				ENABLE_USER_SCRIPT_SANDBOXING = YES;
				GCC_C_LANGUAGE_STANDARD = gnu17;
				GCC_DYNAMIC_NO_PIC = NO;
				GCC_NO_COMMON_BLOCKS = YES;
				GCC_OPTIMIZATION_LEVEL = 0;
				GCC_PREPROCESSOR_DEFINITIONS = (
					"DEBUG=1",
					"$(inherited)",
				);
				GCC_WARN_64_TO_32_BIT_CONVERSION = YES;
				GCC_WARN_ABOUT_RETURN_TYPE = YES_ERROR;
				GCC_WARN_UNDECLARED_SELECTOR = YES;
				GCC_WARN_UNINITIALIZED_AUTOS = YES_AGGRESSIVE;
				GCC_WARN_UNUSED_FUNCTION = YES;
				GCC_WARN_UNUSED_VARIABLE = YES;
				IPHONEOS_DEPLOYMENT_TARGET = 18.0;
				LOCALIZATION_PREFERS_STRING_CATALOGS = YES;
				MTL_ENABLE_DEBUG_INFO = INCLUDE_SOURCE;
				MTL_FAST_MATH = YES;
				ONLY_ACTIVE_ARCH = YES;
				SDKROOT = iphoneos;
				SWIFT_ACTIVE_COMPILATION_CONDITIONS = "DEBUG $(inherited)";
				SWIFT_OPTIMIZATION_LEVEL = "-Onone";
			};
			name = Debug;
		};
		D4BDC0A82F7F971B00FE69B7 /* Release */ = {
			isa = XCBuildConfiguration;
			buildSettings = {
				ALWAYS_SEARCH_USER_PATHS = NO;
				ASSETCATALOG_COMPILER_GENERATE_SWIFT_ASSET_SYMBOL_EXTENSIONS = YES;
				CLANG_ANALYZER_NONNULL = YES;
				CLANG_ANALYZER_NUMBER_OBJECT_CONVERSION = YES_AGGRESSIVE;
				CLANG_CXX_LANGUAGE_STANDARD = "gnu++20";
				CLANG_ENABLE_MODULES = YES;
				CLANG_ENABLE_OBJC_ARC = YES;
				CLANG_ENABLE_OBJC_WEAK = YES;
				CLANG_WARN_BLOCK_CAPTURE_AUTORELEASING = YES;
				CLANG_WARN_BOOL_CONVERSION = YES;
				CLANG_WARN_COMMA = YES;
				CLANG_WARN_CONSTANT_CONVERSION = YES;
				CLANG_WARN_DEPRECATED_OBJC_IMPLEMENTATIONS = YES;
				CLANG_WARN_DIRECT_OBJC_ISA_USAGE = YES_ERROR;
				CLANG_WARN_DOCUMENTATION_COMMENTS = YES;
				CLANG_WARN_EMPTY_BODY = YES;
				CLANG_WARN_ENUM_CONVERSION = YES;
				CLANG_WARN_INFINITE_RECURSION = YES;
				CLANG_WARN_INT_CONVERSION = YES;
				CLANG_WARN_NON_LITERAL_NULL_CONVERSION = YES;
				CLANG_WARN_OBJC_IMPLICIT_RETAIN_SELF = YES;
				CLANG_WARN_OBJC_LITERAL_CONVERSION = YES;
				CLANG_WARN_OBJC_ROOT_CLASS = YES_ERROR;
				CLANG_WARN_QUOTED_INCLUDE_IN_FRAMEWORK_HEADER = YES;
				CLANG_WARN_RANGE_LOOP_ANALYSIS = YES;
				CLANG_WARN_STRICT_PROTOTYPES = YES;
				CLANG_WARN_SUSPICIOUS_MOVE = YES;
				CLANG_WARN_UNGUARDED_AVAILABILITY = YES_AGGRESSIVE;
				CLANG_WARN_UNREACHABLE_CODE = YES;
				CLANG_WARN__DUPLICATE_METHOD_MATCH = YES;
				COPY_PHASE_STRIP = NO;
				DEBUG_INFORMATION_FORMAT = "dwarf-with-dsym";
				DEVELOPMENT_TEAM = 497VU99KK9;
				ENABLE_NS_ASSERTIONS = NO;
				ENABLE_STRICT_OBJC_MSGSEND = YES;
				ENABLE_USER_SCRIPT_SANDBOXING = YES;
				GCC_C_LANGUAGE_STANDARD = gnu17;
				GCC_NO_COMMON_BLOCKS = YES;
				GCC_WARN_64_TO_32_BIT_CONVERSION = YES;
				GCC_WARN_ABOUT_RETURN_TYPE = YES_ERROR;
				GCC_WARN_UNDECLARED_SELECTOR = YES;
				GCC_WARN_UNINITIALIZED_AUTOS = YES_AGGRESSIVE;
				GCC_WARN_UNUSED_FUNCTION = YES;
				GCC_WARN_UNUSED_VARIABLE = YES;
				IPHONEOS_DEPLOYMENT_TARGET = 18.0;
				LOCALIZATION_PREFERS_STRING_CATALOGS = YES;
				MTL_ENABLE_DEBUG_INFO = NO;
				MTL_FAST_MATH = YES;
				SDKROOT = iphoneos;
				SWIFT_COMPILATION_MODE = wholemodule;
				VALIDATE_PRODUCT = YES;
			};
			name = Release;
		};
		D4BDC0AA2F7F971B00FE69B7 /* Debug */ = {
			isa = XCBuildConfiguration;
			buildSettings = {
				ASSETCATALOG_COMPILER_APPICON_NAME = AppIcon;
				ASSETCATALOG_COMPILER_GLOBAL_ACCENT_COLOR_NAME = AccentColor;
				CODE_SIGN_STYLE = Automatic;
				CURRENT_PROJECT_VERSION = 1;
				DEVELOPMENT_TEAM = 497VU99KK9;
				ENABLE_PREVIEWS = YES;
				GENERATE_INFOPLIST_FILE = YES;
				INFOPLIST_KEY_NSMicrophoneUsageDescription = "Parlance needs your microphone to record your practice sessions.";
				INFOPLIST_KEY_NSSpeechRecognitionUsageDescription = "Parlance uses speech recognition to transcribe your practice sessions and analyze your speaking performance.";
				INFOPLIST_KEY_ParlanceAPIBaseURL = "https://parlance-api.parlance-app.workers.dev";
				INFOPLIST_KEY_UIApplicationSceneManifest_Generation = YES;
				INFOPLIST_KEY_UIApplicationSupportsIndirectInputEvents = YES;
				INFOPLIST_KEY_UILaunchScreen_BackgroundColor = LaunchBackground;
				INFOPLIST_KEY_UILaunchScreen_Generation = YES;
				INFOPLIST_KEY_UISupportedInterfaceOrientations_iPad = "UIInterfaceOrientationPortrait UIInterfaceOrientationPortraitUpsideDown";
				INFOPLIST_KEY_UISupportedInterfaceOrientations_iPhone = UIInterfaceOrientationPortrait;
				LD_RUNPATH_SEARCH_PATHS = (
					"$(inherited)",
					"@executable_path/Frameworks",
				);
				MARKETING_VERSION = 1.0;
				PRODUCT_BUNDLE_IDENTIFIER = org.Parlance;
				PRODUCT_NAME = "$(TARGET_NAME)";
				STRING_CATALOG_GENERATE_SYMBOLS = YES;
				SWIFT_APPROACHABLE_CONCURRENCY = YES;
				SWIFT_DEFAULT_ACTOR_ISOLATION = MainActor;
				SWIFT_EMIT_LOC_STRINGS = YES;
				SWIFT_UPCOMING_FEATURE_MEMBER_IMPORT_VISIBILITY = YES;
				SWIFT_VERSION = 5.0;
				TARGETED_DEVICE_FAMILY = "1,2";
			};
			name = Debug;
		};
		D4BDC0AB2F7F971B00FE69B7 /* Release */ = {
			isa = XCBuildConfiguration;
			buildSettings = {
				ASSETCATALOG_COMPILER_APPICON_NAME = AppIcon;
				ASSETCATALOG_COMPILER_GLOBAL_ACCENT_COLOR_NAME = AccentColor;
				CODE_SIGN_STYLE = Automatic;
				CURRENT_PROJECT_VERSION = 1;
				DEVELOPMENT_TEAM = 497VU99KK9;
				ENABLE_PREVIEWS = YES;
				GENERATE_INFOPLIST_FILE = YES;
				INFOPLIST_KEY_NSMicrophoneUsageDescription = "Parlance needs your microphone to record your practice sessions.";
				INFOPLIST_KEY_NSSpeechRecognitionUsageDescription = "Parlance uses speech recognition to transcribe your practice sessions and analyze your speaking performance.";
				INFOPLIST_KEY_ParlanceAPIBaseURL = "https://parlance-api.parlance-app.workers.dev";
				INFOPLIST_KEY_UIApplicationSceneManifest_Generation = YES;
				INFOPLIST_KEY_UIApplicationSupportsIndirectInputEvents = YES;
				INFOPLIST_KEY_UILaunchScreen_BackgroundColor = LaunchBackground;
				INFOPLIST_KEY_UILaunchScreen_Generation = YES;
				INFOPLIST_KEY_UISupportedInterfaceOrientations_iPad = "UIInterfaceOrientationPortrait UIInterfaceOrientationPortraitUpsideDown";
				INFOPLIST_KEY_UISupportedInterfaceOrientations_iPhone = UIInterfaceOrientationPortrait;
				LD_RUNPATH_SEARCH_PATHS = (
					"$(inherited)",
					"@executable_path/Frameworks",
				);
				MARKETING_VERSION = 1.0;
				PRODUCT_BUNDLE_IDENTIFIER = org.Parlance;
				PRODUCT_NAME = "$(TARGET_NAME)";
				STRING_CATALOG_GENERATE_SYMBOLS = YES;
				SWIFT_APPROACHABLE_CONCURRENCY = YES;
				SWIFT_DEFAULT_ACTOR_ISOLATION = MainActor;
				SWIFT_EMIT_LOC_STRINGS = YES;
				SWIFT_UPCOMING_FEATURE_MEMBER_IMPORT_VISIBILITY = YES;
				SWIFT_VERSION = 5.0;
				TARGETED_DEVICE_FAMILY = "1,2";
			};
			name = Release;
		};
		D4BDC0AD2F7F971B00FE69B7 /* Debug */ = {
			isa = XCBuildConfiguration;
			buildSettings = {
				BUNDLE_LOADER = "$(TEST_HOST)";
				CODE_SIGN_STYLE = Automatic;
				CURRENT_PROJECT_VERSION = 1;
				DEVELOPMENT_TEAM = 497VU99KK9;
				GENERATE_INFOPLIST_FILE = YES;
				IPHONEOS_DEPLOYMENT_TARGET = 18.0;
				MARKETING_VERSION = 1.0;
				PRODUCT_BUNDLE_IDENTIFIER = org.Parlance.Tests;
				PRODUCT_NAME = "$(TARGET_NAME)";
				STRING_CATALOG_GENERATE_SYMBOLS = NO;
				SWIFT_APPROACHABLE_CONCURRENCY = YES;
				SWIFT_EMIT_LOC_STRINGS = NO;
				SWIFT_UPCOMING_FEATURE_MEMBER_IMPORT_VISIBILITY = YES;
				SWIFT_VERSION = 5.0;
				TARGETED_DEVICE_FAMILY = "1,2";
				TEST_HOST = "$(BUILT_PRODUCTS_DIR)/Parlance.app/$(BUNDLE_EXECUTABLE_FOLDER_PATH)/Parlance";
			};
			name = Debug;
		};
		D4BDC0AE2F7F971B00FE69B7 /* Release */ = {
			isa = XCBuildConfiguration;
			buildSettings = {
				BUNDLE_LOADER = "$(TEST_HOST)";
				CODE_SIGN_STYLE = Automatic;
				CURRENT_PROJECT_VERSION = 1;
				DEVELOPMENT_TEAM = 497VU99KK9;
				GENERATE_INFOPLIST_FILE = YES;
				IPHONEOS_DEPLOYMENT_TARGET = 18.0;
				MARKETING_VERSION = 1.0;
				PRODUCT_BUNDLE_IDENTIFIER = org.Parlance.Tests;
				PRODUCT_NAME = "$(TARGET_NAME)";
				STRING_CATALOG_GENERATE_SYMBOLS = NO;
				SWIFT_APPROACHABLE_CONCURRENCY = YES;
				SWIFT_EMIT_LOC_STRINGS = NO;
				SWIFT_UPCOMING_FEATURE_MEMBER_IMPORT_VISIBILITY = YES;
				SWIFT_VERSION = 5.0;
				TARGETED_DEVICE_FAMILY = "1,2";
				TEST_HOST = "$(BUILT_PRODUCTS_DIR)/Parlance.app/$(BUNDLE_EXECUTABLE_FOLDER_PATH)/Parlance";
			};
			name = Release;
		};
		D4BDC0B02F7F971B00FE69B7 /* Debug */ = {
			isa = XCBuildConfiguration;
			buildSettings = {
				CODE_SIGN_STYLE = Automatic;
				CURRENT_PROJECT_VERSION = 1;
				DEVELOPMENT_TEAM = 497VU99KK9;
				GENERATE_INFOPLIST_FILE = YES;
				MARKETING_VERSION = 1.0;
				PRODUCT_BUNDLE_IDENTIFIER = org.Parlance.UITests;
				PRODUCT_NAME = "$(TARGET_NAME)";
				STRING_CATALOG_GENERATE_SYMBOLS = NO;
				SWIFT_APPROACHABLE_CONCURRENCY = YES;
				SWIFT_EMIT_LOC_STRINGS = NO;
				SWIFT_UPCOMING_FEATURE_MEMBER_IMPORT_VISIBILITY = YES;
				SWIFT_VERSION = 5.0;
				TARGETED_DEVICE_FAMILY = "1,2";
				TEST_TARGET_NAME = Parlance;
			};
			name = Debug;
		};
		D4BDC0B12F7F971B00FE69B7 /* Release */ = {
			isa = XCBuildConfiguration;
			buildSettings = {
				CODE_SIGN_STYLE = Automatic;
				CURRENT_PROJECT_VERSION = 1;
				DEVELOPMENT_TEAM = 497VU99KK9;
				GENERATE_INFOPLIST_FILE = YES;
				MARKETING_VERSION = 1.0;
				PRODUCT_BUNDLE_IDENTIFIER = org.Parlance.UITests;
				PRODUCT_NAME = "$(TARGET_NAME)";
				STRING_CATALOG_GENERATE_SYMBOLS = NO;
				SWIFT_APPROACHABLE_CONCURRENCY = YES;
				SWIFT_EMIT_LOC_STRINGS = NO;
				SWIFT_UPCOMING_FEATURE_MEMBER_IMPORT_VISIBILITY = YES;
				SWIFT_VERSION = 5.0;
				TARGETED_DEVICE_FAMILY = "1,2";
				TEST_TARGET_NAME = Parlance;
			};
			name = Release;
		};
/* End XCBuildConfiguration section */

/* Begin XCConfigurationList section */
		D4BDC0832F7F971900FE69B7 /* Build configuration list for PBXProject "Parlance" */ = {
			isa = XCConfigurationList;
			buildConfigurations = (
				D4BDC0A72F7F971B00FE69B7 /* Debug */,
				D4BDC0A82F7F971B00FE69B7 /* Release */,
			);
			defaultConfigurationIsVisible = 0;
			defaultConfigurationName = Release;
		};
		D4BDC0A92F7F971B00FE69B7 /* Build configuration list for PBXNativeTarget "Parlance" */ = {
			isa = XCConfigurationList;
			buildConfigurations = (
				D4BDC0AA2F7F971B00FE69B7 /* Debug */,
				D4BDC0AB2F7F971B00FE69B7 /* Release */,
			);
			defaultConfigurationIsVisible = 0;
			defaultConfigurationName = Release;
		};
		D4BDC0AC2F7F971B00FE69B7 /* Build configuration list for PBXNativeTarget "ParlanceTests" */ = {
			isa = XCConfigurationList;
			buildConfigurations = (
				D4BDC0AD2F7F971B00FE69B7 /* Debug */,
				D4BDC0AE2F7F971B00FE69B7 /* Release */,
			);
			defaultConfigurationIsVisible = 0;
			defaultConfigurationName = Release;
		};
		D4BDC0AF2F7F971B00FE69B7 /* Build configuration list for PBXNativeTarget "ParlanceUITests" */ = {
			isa = XCConfigurationList;
			buildConfigurations = (
				D4BDC0B02F7F971B00FE69B7 /* Debug */,
				D4BDC0B12F7F971B00FE69B7 /* Release */,
			);
			defaultConfigurationIsVisible = 0;
			defaultConfigurationName = Release;
		};
/* End XCConfigurationList section */

/* Begin XCRemoteSwiftPackageReference section */
		D4DB98C32FAAFDA1000578F8 /* XCRemoteSwiftPackageReference "supabase-swift" */ = {
			isa = XCRemoteSwiftPackageReference;
			repositoryURL = "https://github.com/supabase/supabase-swift";
			requirement = {
				kind = upToNextMajorVersion;
				minimumVersion = 2.5.1;
			};
		};
/* End XCRemoteSwiftPackageReference section */

/* Begin XCSwiftPackageProductDependency section */
		D4DB98C42FAAFDA1000578F8 /* Supabase */ = {
			isa = XCSwiftPackageProductDependency;
			package = D4DB98C32FAAFDA1000578F8 /* XCRemoteSwiftPackageReference "supabase-swift" */;
			productName = Supabase;
		};
/* End XCSwiftPackageProductDependency section */
	};
	rootObject = D4BDC0802F7F971900FE69B7 /* Project object */;
}
